
Microsoft Visual Studio Solution File, Format Version 12.00
# Visual Studio 15
VisualStudioVersion = 15.0.27004.2006
MinimumVisualStudioVersion = 10.0.40219.1
Project("{FAE04EC0-301F-11D3-BF4B-00C04F79EFBC}") = "OtomatikMuhendis.Kutuphane.Web", "OtomatikMuhendis.Kutuphane.Web\OtomatikMuhendis.Kutuphane.Web.csproj", "{446C1778-100B-4991-A980-E2E3D778C805}"
EndProject
Global
	GlobalSection(SolutionConfigurationPlatforms) = preSolution
		Debug|Any CPU = Debug|Any CPU
		Release|Any CPU = Release|Any CPU
	EndGlobalSection
	GlobalSection(ProjectConfigurationPlatforms) = postSolution
		{446C1778-100B-4991-A980-E2E3D778C805}.Debug|Any CPU.ActiveCfg = Debug|Any CPU
		{446C1778-100B-4991-A980-E2E3D778C805}.Debug|Any CPU.Build.0 = Debug|Any CPU
		{446C1778-100B-4991-A980-E2E3D778C805}.Release|Any CPU.ActiveCfg = Release|Any CPU
		{446C1778-100B-4991-A980-E2E3D778C805}.Release|Any CPU.Build.0 = Release|Any CPU
	EndGlobalSection
	GlobalSection(SolutionProperties) = preSolution
		HideSolutionNode = FALSE
	EndGlobalSection
	GlobalSection(ExtensibilityGlobals) = postSolution
		SolutionGuid = {E6BD8C69-6B1A-4C7C-8A27-C0CFDA29FC52}
	EndGlobalSection
EndGlobal
